
Microsoft Visual Studio Solution File, Format Version 12.00
# Visual Studio Version 16
VisualStudioVersion = 16.0.29814.53
MinimumVisualStudioVersion = 10.0.40219.1
Project("{FAE04EC0-301F-11D3-BF4B-00C04F79EFBC}") = "SecretCellar", "SecretCellar.csproj", "{8AF32724-78CE-43D4-890B-B5E7EDCC09BC}"
EndProject
Global
	GlobalSection(SolutionConfigurationPlatforms) = preSolution
		Debug|Any CPU = Debug|Any CPU
		Release|Any CPU = Release|Any CPU
	EndGlobalSection
	GlobalSection(ProjectConfigurationPlatforms) = postSolution
		{8AF32724-78CE-43D4-890B-B5E7EDCC09BC}.Debug|Any CPU.ActiveCfg = Debug|Any CPU
		{8AF32724-78CE-43D4-890B-B5E7EDCC09BC}.Debug|Any CPU.Build.0 = Debug|Any CPU
		{8AF32724-78CE-43D4-890B-B5E7EDCC09BC}.Release|Any CPU.ActiveCfg = Release|Any CPU
		{8AF32724-78CE-43D4-890B-B5E7EDCC09BC}.Release|Any CPU.Build.0 = Release|Any CPU
	EndGlobalSection
	GlobalSection(SolutionProperties) = preSolution
		HideSolutionNode = FALSE
	EndGlobalSection
	GlobalSection(ExtensibilityGlobals) = postSolution
		SolutionGuid = {38B5CCE5-3A70-4D7F-9D70-B01940119F1C}
	EndGlobalSection
EndGlobal
